{
    "_readme": [
        "This file locks the dependencies of your project to a known state",
        "Read more about it at https://getcomposer.org/doc/01-basic-usage.md#installing-dependencies",
        "This file is @generated automatically"
    ],
    "content-hash": "63317612fceb87ed14febeda7201d7e6",
    "packages": [
        {
            "name": "mustache/mustache",
            "version": "v2.14.1",
            "source": {
                "type": "git",
                "url": "https://github.com/bobthecow/mustache.php.git",
                "reference": "579ffa5c96e1d292c060b3dd62811ff01ad8c24e"
            },
            "dist": {
                "type": "zip",
                "url": "https://api.github.com/repos/bobthecow/mustache.php/zipball/579ffa5c96e1d292c060b3dd62811ff01ad8c24e",
                "reference": "579ffa5c96e1d292c060b3dd62811ff01ad8c24e",
                "shasum": ""
            },
            "require": {
                "php": ">=5.2.4"
            },
            "require-dev": {
                "friendsofphp/php-cs-fixer": "~1.11",
                "phpunit/phpunit": "~3.7|~4.0|~5.0"
            },
            "type": "library",
            "autoload": {
                "psr-0": {
                    "Mustache": "src/"
                }
            },
            "notification-url": "https://packagist.org/downloads/",
            "license": [
                "MIT"
            ],
            "authors": [
                {
                    "name": "Justin Hileman",
                    "email": "justin@justinhileman.info",
                    "homepage": "http://justinhileman.com"
                }
            ],
            "description": "A Mustache implementation in PHP.",
            "homepage": "https://github.com/bobthecow/mustache.php",
            "keywords": [
                "mustache",
                "templating"
            ],
            "support": {
                "issues": "https://github.com/bobthecow/mustache.php/issues",
                "source": "https://github.com/bobthecow/mustache.php/tree/v2.14.1"
            },
            "time": "2022-01-21T06:08:36+00:00"
        },
        {
            "name": "pfaciana/tiny-html-minifier",
            "version": "3.0.0",
            "source": {
                "type": "git",
                "url": "https://github.com/pfaciana/tiny-html-minifier.git",
                "reference": "9b305753a18ee6797c7cb2bfabe25ed36d454dc0"
            },
            "dist": {
                "type": "zip",
                "url": "https://api.github.com/repos/pfaciana/tiny-html-minifier/zipball/9b305753a18ee6797c7cb2bfabe25ed36d454dc0",
                "reference": "9b305753a18ee6797c7cb2bfabe25ed36d454dc0",
                "shasum": ""
            },
            "type": "library",
            "autoload": {
                "psr-4": {
                    "Minifier\\": "src/"
                }
            },
            "notification-url": "https://packagist.org/downloads/",
            "license": [
                "MIT"
            ],
            "authors": [
                {
                    "name": "Jens Törnell",
                    "email": "webblayout@gmail.com"
                },
                {
                    "name": "Phil Faciana",
                    "email": "phil@renderdev.com"
                }
            ],
            "description": "Minify HTML in PHP with just a single class",
            "keywords": [
                "html",
                "minifier",
                "minify"
            ],
            "support": {
                "source": "https://github.com/pfaciana/tiny-html-minifier/tree/v3.0.0"
            },
            "time": "2020-07-27T03:41:45+00:00"
        }
    ],
    "packages-dev": [],
    "aliases": [],
    "minimum-stability": "stable",
    "stability-flags": [],
    "prefer-stable": false,
    "prefer-lowest": false,
    "platform": {
        "php": ">= 7.1",
        "ext-bcmath": "*",
        "ext-gd": "*",
        "ext-json": "*",
        "ext-mysqli": "*"
    },
    "platform-dev": [],
    "plugin-api-version": "2.3.0"
}
